
Microsoft Visual Studio Solution File, Format Version 12.00
# Visual Studio Version 17
VisualStudioVersion = 17.5.33627.172
MinimumVisualStudioVersion = 10.0.40219.1
Project("{9A19103F-16F7-4668-BE54-9A1E7A4F7556}") = "Forceget.Domain", "Forceget.Domain\Forceget.Domain.csproj", "{18B85A21-53AD-4898-BBDF-4529801AAE3A}"
EndProject
Project("{9A19103F-16F7-4668-BE54-9A1E7A4F7556}") = "Forceget.WebUI", "Forceget.WebUI\Forceget.WebUI.csproj", "{AE2F47A4-A562-4EAA-A799-6D496CDDBEB7}"
EndProject
Project("{FAE04EC0-301F-11D3-BF4B-00C04F79EFBC}") = "Forceget.Data", "Forceget.Data\Forceget.Data.csproj", "{35C43064-5ECF-4106-A4B3-B2F72F301004}"
EndProject
Project("{FAE04EC0-301F-11D3-BF4B-00C04F79EFBC}") = "Forceget.API", "Forceget.API\Forceget.API.csproj", "{23A8AF0C-400F-4E75-B441-49BCDF67AC03}"
EndProject
Global
	GlobalSection(SolutionConfigurationPlatforms) = preSolution
		Debug|Any CPU = Debug|Any CPU
		Release|Any CPU = Release|Any CPU
	EndGlobalSection
	GlobalSection(ProjectConfigurationPlatforms) = postSolution
		{18B85A21-53AD-4898-BBDF-4529801AAE3A}.Debug|Any CPU.ActiveCfg = Debug|Any CPU
		{18B85A21-53AD-4898-BBDF-4529801AAE3A}.Debug|Any CPU.Build.0 = Debug|Any CPU
		{18B85A21-53AD-4898-BBDF-4529801AAE3A}.Release|Any CPU.ActiveCfg = Release|Any CPU
		{18B85A21-53AD-4898-BBDF-4529801AAE3A}.Release|Any CPU.Build.0 = Release|Any CPU
		{AE2F47A4-A562-4EAA-A799-6D496CDDBEB7}.Debug|Any CPU.ActiveCfg = Debug|Any CPU
		{AE2F47A4-A562-4EAA-A799-6D496CDDBEB7}.Debug|Any CPU.Build.0 = Debug|Any CPU
		{AE2F47A4-A562-4EAA-A799-6D496CDDBEB7}.Release|Any CPU.ActiveCfg = Release|Any CPU
		{AE2F47A4-A562-4EAA-A799-6D496CDDBEB7}.Release|Any CPU.Build.0 = Release|Any CPU
		{35C43064-5ECF-4106-A4B3-B2F72F301004}.Debug|Any CPU.ActiveCfg = Debug|Any CPU
		{35C43064-5ECF-4106-A4B3-B2F72F301004}.Debug|Any CPU.Build.0 = Debug|Any CPU
		{35C43064-5ECF-4106-A4B3-B2F72F301004}.Release|Any CPU.ActiveCfg = Release|Any CPU
		{35C43064-5ECF-4106-A4B3-B2F72F301004}.Release|Any CPU.Build.0 = Release|Any CPU
		{23A8AF0C-400F-4E75-B441-49BCDF67AC03}.Debug|Any CPU.ActiveCfg = Debug|Any CPU
		{23A8AF0C-400F-4E75-B441-49BCDF67AC03}.Debug|Any CPU.Build.0 = Debug|Any CPU
		{23A8AF0C-400F-4E75-B441-49BCDF67AC03}.Release|Any CPU.ActiveCfg = Release|Any CPU
		{23A8AF0C-400F-4E75-B441-49BCDF67AC03}.Release|Any CPU.Build.0 = Release|Any CPU
	EndGlobalSection
	GlobalSection(SolutionProperties) = preSolution
		HideSolutionNode = FALSE
	EndGlobalSection
	GlobalSection(ExtensibilityGlobals) = postSolution
		SolutionGuid = {E94F41ED-9A1C-4978-B142-1FB965549E8A}
	EndGlobalSection
EndGlobal
